
Microsoft Visual Studio Solution File, Format Version 12.00
Project("{FAE04EC0-301F-11D3-BF4B-00C04F79EFBC}") = "raytracer", "raytracer\raytracer.csproj", "{26A3D655-CF22-4FD8-B631-FCDA5A3860B1}"
EndProject
Global
	GlobalSection(SolutionConfigurationPlatforms) = preSolution
		Debug|Any CPU = Debug|Any CPU
		Release|Any CPU = Release|Any CPU
	EndGlobalSection
	GlobalSection(ProjectConfigurationPlatforms) = postSolution
		{26A3D655-CF22-4FD8-B631-FCDA5A3860B1}.Debug|Any CPU.ActiveCfg = Debug|Any CPU
		{26A3D655-CF22-4FD8-B631-FCDA5A3860B1}.Debug|Any CPU.Build.0 = Debug|Any CPU
		{26A3D655-CF22-4FD8-B631-FCDA5A3860B1}.Release|Any CPU.ActiveCfg = Release|Any CPU
		{26A3D655-CF22-4FD8-B631-FCDA5A3860B1}.Release|Any CPU.Build.0 = Release|Any CPU
	EndGlobalSection
EndGlobal
